# Generated by bu1ld Java plugin.

[[artifact]]
coordinate = "org.apiguardian:apiguardian-api:jar:1.1.2"
sha256 = "b509448ac506d607319f182537f0b35d71007582ec741832a1f111e5b5b70b38"

[[artifact]]
coordinate = "org.junit.jupiter:junit-jupiter-api:jar:5.11.4"
sha256 = "ab83ef9e51ac4597d59d26b4b58812129550e2f579a404c8af7d09f5ce5b4293"

[[artifact]]
coordinate = "org.junit.jupiter:junit-jupiter-engine:jar:5.11.4"
sha256 = "cdf8ac59f3fad774ca738ad03890950eeb91833ef0e8908753177edd26f1581c"

[[artifact]]
coordinate = "org.junit.platform:junit-platform-commons:jar:1.11.4"
sha256 = "9edd969b0d0670c54105bc91ae79bd1c6f503e12115faba82073b84c86bbc334"

[[artifact]]
coordinate = "org.junit.platform:junit-platform-engine:jar:1.11.4"
sha256 = "b1dd998f64f9acadc15966d9cd3d08074662677b3e390f0a38fcbf0bb4c72330"

[[artifact]]
coordinate = "org.junit.platform:junit-platform-launcher:jar:1.11.4"
sha256 = "d7430bd029e7fcced53ee445e4d2d1a8a1e043ea4c4df43b6335a857f79761ae"

[[artifact]]
coordinate = "org.opentest4j:opentest4j:jar:1.3.0"
sha256 = "48e2df636cab6563ced64dcdff8abb2355627cb236ef0bf37598682ddf742f1b"

